
Microsoft Visual Studio Solution File, Format Version 12.00
# Visual Studio Version 17
VisualStudioVersion = 17.10.34804.81
MinimumVisualStudioVersion = 10.0.40219.1
Project("{2150E333-8FDC-42A3-9474-1A3956D46DE8}") = "Services", "Services", "{C95AAF11-9B35-4247-8A4D-6D9528B0F42B}"
EndProject
Project("{2150E333-8FDC-42A3-9474-1A3956D46DE8}") = "Identity", "Identity", "{C1B1A6E5-61F6-4ACF-AD42-3344BADE2196}"
EndProject
Project("{2150E333-8FDC-42A3-9474-1A3956D46DE8}") = "Frontends", "Frontends", "{F4D8A7C1-2108-4C02-8344-0FEF5A764FA5}"
EndProject
Project("{2150E333-8FDC-42A3-9474-1A3956D46DE8}") = "Catalog", "Catalog", "{AB8432E9-9F12-44DC-8EE1-6122DB303CE9}"
EndProject
Project("{9A19103F-16F7-4668-BE54-9A1E7A4F7556}") = "CatalogAPI", "Services\Catalog\CatalogAPI\CatalogAPI.csproj", "{AB378E28-FBE1-487E-AD0D-62C0F62C244B}"
EndProject
Project("{9A19103F-16F7-4668-BE54-9A1E7A4F7556}") = "PresentationUI", "Frontends\PresentationUI\PresentationUI.csproj", "{9D890886-43BA-4A43-B0EF-3089313368FE}"
EndProject
Project("{2150E333-8FDC-42A3-9474-1A3956D46DE8}") = "Discount", "Discount", "{C293CCE2-95BB-451C-A090-CC9971F6D8DF}"
EndProject
Project("{9A19103F-16F7-4668-BE54-9A1E7A4F7556}") = "DiscountAPI", "Services\Discount\DiscountAPI\DiscountAPI.csproj", "{F4114D7A-209E-43C7-8B76-BF442B173662}"
EndProject
Project("{2150E333-8FDC-42A3-9474-1A3956D46DE8}") = "Order", "Order", "{0E9497D2-5F66-4DCF-A259-8AD2703F5880}"
EndProject
Project("{2150E333-8FDC-42A3-9474-1A3956D46DE8}") = "Basket", "Basket", "{4F8DBAE2-E8A1-421C-ADF7-9B115B2B1790}"
EndProject
Project("{9A19103F-16F7-4668-BE54-9A1E7A4F7556}") = "BasketAPI", "Services\Basket\BasketAPI\BasketAPI.csproj", "{1CBF1DD7-185F-4EAA-A792-4FCF6CD86852}"
EndProject
Project("{2150E333-8FDC-42A3-9474-1A3956D46DE8}") = "Cargo", "Cargo", "{34AADCC3-F4EE-49F6-A0C2-8BDCBF5FB581}"
EndProject
Project("{9A19103F-16F7-4668-BE54-9A1E7A4F7556}") = "IdentityServer", "Identity\IdentityServer\IdentityServer.csproj", "{FC8864A2-39AB-40B4-A765-78E94B60FCB0}"
EndProject
Project("{9A19103F-16F7-4668-BE54-9A1E7A4F7556}") = "DtoLayer", "Frontends\DtoLayer\DtoLayer.csproj", "{E6616BA6-C567-4FEE-9CD1-5C108ECF4F39}"
EndProject
Project("{2150E333-8FDC-42A3-9474-1A3956D46DE8}") = "ApiGateway", "ApiGateway", "{68094472-6C2C-4C00-A273-4E4187C2927E}"
EndProject
Project("{9A19103F-16F7-4668-BE54-9A1E7A4F7556}") = "OcelotGateway", "ApiGateway\OcelotGateway\OcelotGateway.csproj", "{0BECF328-1D2C-4F82-9D52-E49E4EE0BAFF}"
EndProject
Project("{9A19103F-16F7-4668-BE54-9A1E7A4F7556}") = "BusinessLayer", "Frontends\BusinessLayer\BusinessLayer.csproj", "{583854EF-6311-47CC-AAA2-727C1A0801B6}"
EndProject
Project("{2150E333-8FDC-42A3-9474-1A3956D46DE8}") = "Comment", "Comment", "{2ACBD110-E062-45D5-9F38-9718679604CC}"
EndProject
Project("{9A19103F-16F7-4668-BE54-9A1E7A4F7556}") = "CommentAPI", "Services\Comment\CommentAPI\CommentAPI.csproj", "{8238EFC1-A80B-448F-ABDF-F7D4C4339F9B}"
EndProject
Project("{2150E333-8FDC-42A3-9474-1A3956D46DE8}") = "Core", "Core", "{95008F86-CC6C-4AEC-BD6F-06C1B538F470}"
EndProject
Project("{2150E333-8FDC-42A3-9474-1A3956D46DE8}") = "Presentation", "Presentation", "{86CBDDBD-ED1E-448A-B2C6-4A119A5B326A}"
EndProject
Project("{2150E333-8FDC-42A3-9474-1A3956D46DE8}") = "Infrastructure", "Infrastructure", "{CE475B78-3144-4358-89C9-AE40BC69A32D}"
EndProject
Project("{9A19103F-16F7-4668-BE54-9A1E7A4F7556}") = "Domain", "Services\Order\Core\Domain\Domain.csproj", "{FC66C528-924B-47E5-93A1-4A2D81243C69}"
EndProject
Project("{9A19103F-16F7-4668-BE54-9A1E7A4F7556}") = "Application", "Services\Order\Core\Application\Application.csproj", "{A93B791D-A7AE-4FBC-B610-9A6339D7EB01}"
EndProject
Project("{9A19103F-16F7-4668-BE54-9A1E7A4F7556}") = "Persistence", "Services\Order\Infrastructure\Persistence\Persistence.csproj", "{356CDD64-0F8D-4966-BED4-5A2814636B32}"
EndProject
Project("{9A19103F-16F7-4668-BE54-9A1E7A4F7556}") = "OrderAPI", "Services\Order\Presentation\OrderAPI\OrderAPI.csproj", "{59CC5D99-CC0A-450F-BF07-1D294707BCEB}"
EndProject
Project("{2150E333-8FDC-42A3-9474-1A3956D46DE8}") = "Payment", "Payment", "{1C23A955-3786-4957-AD45-1CE4F1976CA8}"
EndProject
Project("{9A19103F-16F7-4668-BE54-9A1E7A4F7556}") = "PaymentAPI", "Services\Payment\PaymentAPI\PaymentAPI.csproj", "{3796F560-A656-4A65-B64E-19CE444A2C70}"
EndProject
Project("{9A19103F-16F7-4668-BE54-9A1E7A4F7556}") = "EntityLayer", "Services\Cargo\EntityLayer\EntityLayer.csproj", "{6E010C01-3DAC-430A-8944-C142F6C72DA4}"
EndProject
Project("{9A19103F-16F7-4668-BE54-9A1E7A4F7556}") = "DataAccessLayer", "Services\Cargo\DataAccessLayer\DataAccessLayer.csproj", "{D3F0B49E-098C-4BA1-8AA6-5212FF5E2AD8}"
EndProject
Project("{9A19103F-16F7-4668-BE54-9A1E7A4F7556}") = "DtoLayer", "Services\Cargo\DtoLayer\DtoLayer.csproj", "{7E106597-B7C3-42FF-B2D7-042586A1544F}"
EndProject
Project("{9A19103F-16F7-4668-BE54-9A1E7A4F7556}") = "BusinessLayer", "Services\Cargo\BusinessLayer\BusinessLayer.csproj", "{97287AC7-EB3A-4EA7-A565-D45C753426B3}"
EndProject
Project("{9A19103F-16F7-4668-BE54-9A1E7A4F7556}") = "CargoAPI", "Services\Cargo\CargoAPI\CargoAPI.csproj", "{B3DCE83C-B533-429E-A720-75400E5DC8AD}"
EndProject
Project("{2150E333-8FDC-42A3-9474-1A3956D46DE8}") = "Image", "Image", "{07E8CFA8-0227-4A4C-916B-A47983D88DD9}"
EndProject
Project("{9A19103F-16F7-4668-BE54-9A1E7A4F7556}") = "ImageAPI", "Services\Image\ImageAPI\ImageAPI.csproj", "{D6AF5CD0-E392-45AB-A9B6-2FB1B14168CF}"
EndProject
Global
	GlobalSection(SolutionConfigurationPlatforms) = preSolution
		Debug|Any CPU = Debug|Any CPU
		Release|Any CPU = Release|Any CPU
	EndGlobalSection
	GlobalSection(ProjectConfigurationPlatforms) = postSolution
		{AB378E28-FBE1-487E-AD0D-62C0F62C244B}.Debug|Any CPU.ActiveCfg = Debug|Any CPU
		{AB378E28-FBE1-487E-AD0D-62C0F62C244B}.Debug|Any CPU.Build.0 = Debug|Any CPU
		{AB378E28-FBE1-487E-AD0D-62C0F62C244B}.Release|Any CPU.ActiveCfg = Release|Any CPU
		{AB378E28-FBE1-487E-AD0D-62C0F62C244B}.Release|Any CPU.Build.0 = Release|Any CPU
		{9D890886-43BA-4A43-B0EF-3089313368FE}.Debug|Any CPU.ActiveCfg = Debug|Any CPU
		{9D890886-43BA-4A43-B0EF-3089313368FE}.Debug|Any CPU.Build.0 = Debug|Any CPU
		{9D890886-43BA-4A43-B0EF-3089313368FE}.Release|Any CPU.ActiveCfg = Release|Any CPU
		{9D890886-43BA-4A43-B0EF-3089313368FE}.Release|Any CPU.Build.0 = Release|Any CPU
		{F4114D7A-209E-43C7-8B76-BF442B173662}.Debug|Any CPU.ActiveCfg = Debug|Any CPU
		{F4114D7A-209E-43C7-8B76-BF442B173662}.Debug|Any CPU.Build.0 = Debug|Any CPU
		{F4114D7A-209E-43C7-8B76-BF442B173662}.Release|Any CPU.ActiveCfg = Release|Any CPU
		{F4114D7A-209E-43C7-8B76-BF442B173662}.Release|Any CPU.Build.0 = Release|Any CPU
		{1CBF1DD7-185F-4EAA-A792-4FCF6CD86852}.Debug|Any CPU.ActiveCfg = Debug|Any CPU
		{1CBF1DD7-185F-4EAA-A792-4FCF6CD86852}.Debug|Any CPU.Build.0 = Debug|Any CPU
		{1CBF1DD7-185F-4EAA-A792-4FCF6CD86852}.Release|Any CPU.ActiveCfg = Release|Any CPU
		{1CBF1DD7-185F-4EAA-A792-4FCF6CD86852}.Release|Any CPU.Build.0 = Release|Any CPU
		{FC8864A2-39AB-40B4-A765-78E94B60FCB0}.Debug|Any CPU.ActiveCfg = Debug|Any CPU
		{FC8864A2-39AB-40B4-A765-78E94B60FCB0}.Debug|Any CPU.Build.0 = Debug|Any CPU
		{FC8864A2-39AB-40B4-A765-78E94B60FCB0}.Release|Any CPU.ActiveCfg = Release|Any CPU
		{FC8864A2-39AB-40B4-A765-78E94B60FCB0}.Release|Any CPU.Build.0 = Release|Any CPU
		{E6616BA6-C567-4FEE-9CD1-5C108ECF4F39}.Debug|Any CPU.ActiveCfg = Debug|Any CPU
		{E6616BA6-C567-4FEE-9CD1-5C108ECF4F39}.Debug|Any CPU.Build.0 = Debug|Any CPU
		{E6616BA6-C567-4FEE-9CD1-5C108ECF4F39}.Release|Any CPU.ActiveCfg = Release|Any CPU
		{E6616BA6-C567-4FEE-9CD1-5C108ECF4F39}.Release|Any CPU.Build.0 = Release|Any CPU
		{0BECF328-1D2C-4F82-9D52-E49E4EE0BAFF}.Debug|Any CPU.ActiveCfg = Debug|Any CPU
		{0BECF328-1D2C-4F82-9D52-E49E4EE0BAFF}.Debug|Any CPU.Build.0 = Debug|Any CPU
		{0BECF328-1D2C-4F82-9D52-E49E4EE0BAFF}.Release|Any CPU.ActiveCfg = Release|Any CPU
		{0BECF328-1D2C-4F82-9D52-E49E4EE0BAFF}.Release|Any CPU.Build.0 = Release|Any CPU
		{583854EF-6311-47CC-AAA2-727C1A0801B6}.Debug|Any CPU.ActiveCfg = Debug|Any CPU
		{583854EF-6311-47CC-AAA2-727C1A0801B6}.Debug|Any CPU.Build.0 = Debug|Any CPU
		{583854EF-6311-47CC-AAA2-727C1A0801B6}.Release|Any CPU.ActiveCfg = Release|Any CPU
		{583854EF-6311-47CC-AAA2-727C1A0801B6}.Release|Any CPU.Build.0 = Release|Any CPU
		{8238EFC1-A80B-448F-ABDF-F7D4C4339F9B}.Debug|Any CPU.ActiveCfg = Debug|Any CPU
		{8238EFC1-A80B-448F-ABDF-F7D4C4339F9B}.Debug|Any CPU.Build.0 = Debug|Any CPU
		{8238EFC1-A80B-448F-ABDF-F7D4C4339F9B}.Release|Any CPU.ActiveCfg = Release|Any CPU
		{8238EFC1-A80B-448F-ABDF-F7D4C4339F9B}.Release|Any CPU.Build.0 = Release|Any CPU
		{FC66C528-924B-47E5-93A1-4A2D81243C69}.Debug|Any CPU.ActiveCfg = Debug|Any CPU
		{FC66C528-924B-47E5-93A1-4A2D81243C69}.Debug|Any CPU.Build.0 = Debug|Any CPU
		{FC66C528-924B-47E5-93A1-4A2D81243C69}.Release|Any CPU.ActiveCfg = Release|Any CPU
		{FC66C528-924B-47E5-93A1-4A2D81243C69}.Release|Any CPU.Build.0 = Release|Any CPU
		{A93B791D-A7AE-4FBC-B610-9A6339D7EB01}.Debug|Any CPU.ActiveCfg = Debug|Any CPU
		{A93B791D-A7AE-4FBC-B610-9A6339D7EB01}.Debug|Any CPU.Build.0 = Debug|Any CPU
		{A93B791D-A7AE-4FBC-B610-9A6339D7EB01}.Release|Any CPU.ActiveCfg = Release|Any CPU
		{A93B791D-A7AE-4FBC-B610-9A6339D7EB01}.Release|Any CPU.Build.0 = Release|Any CPU
		{356CDD64-0F8D-4966-BED4-5A2814636B32}.Debug|Any CPU.ActiveCfg = Debug|Any CPU
		{356CDD64-0F8D-4966-BED4-5A2814636B32}.Debug|Any CPU.Build.0 = Debug|Any CPU
		{356CDD64-0F8D-4966-BED4-5A2814636B32}.Release|Any CPU.ActiveCfg = Release|Any CPU
		{356CDD64-0F8D-4966-BED4-5A2814636B32}.Release|Any CPU.Build.0 = Release|Any CPU
		{59CC5D99-CC0A-450F-BF07-1D294707BCEB}.Debug|Any CPU.ActiveCfg = Debug|Any CPU
		{59CC5D99-CC0A-450F-BF07-1D294707BCEB}.Debug|Any CPU.Build.0 = Debug|Any CPU
		{59CC5D99-CC0A-450F-BF07-1D294707BCEB}.Release|Any CPU.ActiveCfg = Release|Any CPU
		{59CC5D99-CC0A-450F-BF07-1D294707BCEB}.Release|Any CPU.Build.0 = Release|Any CPU
		{3796F560-A656-4A65-B64E-19CE444A2C70}.Debug|Any CPU.ActiveCfg = Debug|Any CPU
		{3796F560-A656-4A65-B64E-19CE444A2C70}.Debug|Any CPU.Build.0 = Debug|Any CPU
		{3796F560-A656-4A65-B64E-19CE444A2C70}.Release|Any CPU.ActiveCfg = Release|Any CPU
		{3796F560-A656-4A65-B64E-19CE444A2C70}.Release|Any CPU.Build.0 = Release|Any CPU
		{6E010C01-3DAC-430A-8944-C142F6C72DA4}.Debug|Any CPU.ActiveCfg = Debug|Any CPU
		{6E010C01-3DAC-430A-8944-C142F6C72DA4}.Debug|Any CPU.Build.0 = Debug|Any CPU
		{6E010C01-3DAC-430A-8944-C142F6C72DA4}.Release|Any CPU.ActiveCfg = Release|Any CPU
		{6E010C01-3DAC-430A-8944-C142F6C72DA4}.Release|Any CPU.Build.0 = Release|Any CPU
		{D3F0B49E-098C-4BA1-8AA6-5212FF5E2AD8}.Debug|Any CPU.ActiveCfg = Debug|Any CPU
		{D3F0B49E-098C-4BA1-8AA6-5212FF5E2AD8}.Debug|Any CPU.Build.0 = Debug|Any CPU
		{D3F0B49E-098C-4BA1-8AA6-5212FF5E2AD8}.Release|Any CPU.ActiveCfg = Release|Any CPU
		{D3F0B49E-098C-4BA1-8AA6-5212FF5E2AD8}.Release|Any CPU.Build.0 = Release|Any CPU
		{7E106597-B7C3-42FF-B2D7-042586A1544F}.Debug|Any CPU.ActiveCfg = Debug|Any CPU
		{7E106597-B7C3-42FF-B2D7-042586A1544F}.Debug|Any CPU.Build.0 = Debug|Any CPU
		{7E106597-B7C3-42FF-B2D7-042586A1544F}.Release|Any CPU.ActiveCfg = Release|Any CPU
		{7E106597-B7C3-42FF-B2D7-042586A1544F}.Release|Any CPU.Build.0 = Release|Any CPU
		{97287AC7-EB3A-4EA7-A565-D45C753426B3}.Debug|Any CPU.ActiveCfg = Debug|Any CPU
		{97287AC7-EB3A-4EA7-A565-D45C753426B3}.Debug|Any CPU.Build.0 = Debug|Any CPU
		{97287AC7-EB3A-4EA7-A565-D45C753426B3}.Release|Any CPU.ActiveCfg = Release|Any CPU
		{97287AC7-EB3A-4EA7-A565-D45C753426B3}.Release|Any CPU.Build.0 = Release|Any CPU
		{B3DCE83C-B533-429E-A720-75400E5DC8AD}.Debug|Any CPU.ActiveCfg = Debug|Any CPU
		{B3DCE83C-B533-429E-A720-75400E5DC8AD}.Debug|Any CPU.Build.0 = Debug|Any CPU
		{B3DCE83C-B533-429E-A720-75400E5DC8AD}.Release|Any CPU.ActiveCfg = Release|Any CPU
		{B3DCE83C-B533-429E-A720-75400E5DC8AD}.Release|Any CPU.Build.0 = Release|Any CPU
		{D6AF5CD0-E392-45AB-A9B6-2FB1B14168CF}.Debug|Any CPU.ActiveCfg = Debug|Any CPU
		{D6AF5CD0-E392-45AB-A9B6-2FB1B14168CF}.Debug|Any CPU.Build.0 = Debug|Any CPU
		{D6AF5CD0-E392-45AB-A9B6-2FB1B14168CF}.Release|Any CPU.ActiveCfg = Release|Any CPU
		{D6AF5CD0-E392-45AB-A9B6-2FB1B14168CF}.Release|Any CPU.Build.0 = Release|Any CPU
	EndGlobalSection
	GlobalSection(SolutionProperties) = preSolution
		HideSolutionNode = FALSE
	EndGlobalSection
	GlobalSection(NestedProjects) = preSolution
		{AB8432E9-9F12-44DC-8EE1-6122DB303CE9} = {C95AAF11-9B35-4247-8A4D-6D9528B0F42B}
		{AB378E28-FBE1-487E-AD0D-62C0F62C244B} = {AB8432E9-9F12-44DC-8EE1-6122DB303CE9}
		{9D890886-43BA-4A43-B0EF-3089313368FE} = {F4D8A7C1-2108-4C02-8344-0FEF5A764FA5}
		{C293CCE2-95BB-451C-A090-CC9971F6D8DF} = {C95AAF11-9B35-4247-8A4D-6D9528B0F42B}
		{F4114D7A-209E-43C7-8B76-BF442B173662} = {C293CCE2-95BB-451C-A090-CC9971F6D8DF}
		{0E9497D2-5F66-4DCF-A259-8AD2703F5880} = {C95AAF11-9B35-4247-8A4D-6D9528B0F42B}
		{4F8DBAE2-E8A1-421C-ADF7-9B115B2B1790} = {C95AAF11-9B35-4247-8A4D-6D9528B0F42B}
		{1CBF1DD7-185F-4EAA-A792-4FCF6CD86852} = {4F8DBAE2-E8A1-421C-ADF7-9B115B2B1790}
		{34AADCC3-F4EE-49F6-A0C2-8BDCBF5FB581} = {C95AAF11-9B35-4247-8A4D-6D9528B0F42B}
		{FC8864A2-39AB-40B4-A765-78E94B60FCB0} = {C1B1A6E5-61F6-4ACF-AD42-3344BADE2196}
		{E6616BA6-C567-4FEE-9CD1-5C108ECF4F39} = {F4D8A7C1-2108-4C02-8344-0FEF5A764FA5}
		{0BECF328-1D2C-4F82-9D52-E49E4EE0BAFF} = {68094472-6C2C-4C00-A273-4E4187C2927E}
		{583854EF-6311-47CC-AAA2-727C1A0801B6} = {F4D8A7C1-2108-4C02-8344-0FEF5A764FA5}
		{2ACBD110-E062-45D5-9F38-9718679604CC} = {C95AAF11-9B35-4247-8A4D-6D9528B0F42B}
		{8238EFC1-A80B-448F-ABDF-F7D4C4339F9B} = {2ACBD110-E062-45D5-9F38-9718679604CC}
		{95008F86-CC6C-4AEC-BD6F-06C1B538F470} = {0E9497D2-5F66-4DCF-A259-8AD2703F5880}
		{86CBDDBD-ED1E-448A-B2C6-4A119A5B326A} = {0E9497D2-5F66-4DCF-A259-8AD2703F5880}
		{CE475B78-3144-4358-89C9-AE40BC69A32D} = {0E9497D2-5F66-4DCF-A259-8AD2703F5880}
		{FC66C528-924B-47E5-93A1-4A2D81243C69} = {95008F86-CC6C-4AEC-BD6F-06C1B538F470}
		{A93B791D-A7AE-4FBC-B610-9A6339D7EB01} = {95008F86-CC6C-4AEC-BD6F-06C1B538F470}
		{356CDD64-0F8D-4966-BED4-5A2814636B32} = {CE475B78-3144-4358-89C9-AE40BC69A32D}
		{59CC5D99-CC0A-450F-BF07-1D294707BCEB} = {86CBDDBD-ED1E-448A-B2C6-4A119A5B326A}
		{1C23A955-3786-4957-AD45-1CE4F1976CA8} = {C95AAF11-9B35-4247-8A4D-6D9528B0F42B}
		{3796F560-A656-4A65-B64E-19CE444A2C70} = {1C23A955-3786-4957-AD45-1CE4F1976CA8}
		{6E010C01-3DAC-430A-8944-C142F6C72DA4} = {34AADCC3-F4EE-49F6-A0C2-8BDCBF5FB581}
		{D3F0B49E-098C-4BA1-8AA6-5212FF5E2AD8} = {34AADCC3-F4EE-49F6-A0C2-8BDCBF5FB581}
		{7E106597-B7C3-42FF-B2D7-042586A1544F} = {34AADCC3-F4EE-49F6-A0C2-8BDCBF5FB581}
		{97287AC7-EB3A-4EA7-A565-D45C753426B3} = {34AADCC3-F4EE-49F6-A0C2-8BDCBF5FB581}
		{B3DCE83C-B533-429E-A720-75400E5DC8AD} = {34AADCC3-F4EE-49F6-A0C2-8BDCBF5FB581}
		{07E8CFA8-0227-4A4C-916B-A47983D88DD9} = {C95AAF11-9B35-4247-8A4D-6D9528B0F42B}
		{D6AF5CD0-E392-45AB-A9B6-2FB1B14168CF} = {07E8CFA8-0227-4A4C-916B-A47983D88DD9}
	EndGlobalSection
	GlobalSection(ExtensibilityGlobals) = postSolution
		SolutionGuid = {65EEBDFA-A837-4585-BE4F-3E00141C3736}
	EndGlobalSection
EndGlobal
