
Microsoft Visual Studio Solution File, Format Version 12.00
# Visual Studio Version 17
VisualStudioVersion = 17.10.34804.81
MinimumVisualStudioVersion = 10.0.40219.1
Project("{2150E333-8FDC-42A3-9474-1A3956D46DE8}") = "Services", "Services", "{C95AAF11-9B35-4247-8A4D-6D9528B0F42B}"
EndProject
Project("{2150E333-8FDC-42A3-9474-1A3956D46DE8}") = "Identity", "Identity", "{C1B1A6E5-61F6-4ACF-AD42-3344BADE2196}"
EndProject
Project("{2150E333-8FDC-42A3-9474-1A3956D46DE8}") = "Frontends", "Frontends", "{F4D8A7C1-2108-4C02-8344-0FEF5A764FA5}"
EndProject
Project("{2150E333-8FDC-42A3-9474-1A3956D46DE8}") = "Catalog", "Catalog", "{AB8432E9-9F12-44DC-8EE1-6122DB303CE9}"
EndProject
Project("{9A19103F-16F7-4668-BE54-9A1E7A4F7556}") = "CatalogAPI", "Services\Catalog\CatalogAPI\CatalogAPI.csproj", "{AB378E28-FBE1-487E-AD0D-62C0F62C244B}"
EndProject
Project("{9A19103F-16F7-4668-BE54-9A1E7A4F7556}") = "PresentationUI", "Frontends\PresentationUI\PresentationUI.csproj", "{9D890886-43BA-4A43-B0EF-3089313368FE}"
EndProject
Project("{2150E333-8FDC-42A3-9474-1A3956D46DE8}") = "Discount", "Discount", "{C293CCE2-95BB-451C-A090-CC9971F6D8DF}"
EndProject
Project("{9A19103F-16F7-4668-BE54-9A1E7A4F7556}") = "DiscountAPI", "Services\Discount\DiscountAPI\DiscountAPI.csproj", "{F4114D7A-209E-43C7-8B76-BF442B173662}"
EndProject
Project("{2150E333-8FDC-42A3-9474-1A3956D46DE8}") = "Order", "Order", "{0E9497D2-5F66-4DCF-A259-8AD2703F5880}"
EndProject
Project("{9A19103F-16F7-4668-BE54-9A1E7A4F7556}") = "OrderAPI", "Services\Order\OrderAPI\OrderAPI.csproj", "{D139BE57-5CC3-47B9-B221-FC86A9A4FD61}"
EndProject
Project("{2150E333-8FDC-42A3-9474-1A3956D46DE8}") = "Basket", "Basket", "{4F8DBAE2-E8A1-421C-ADF7-9B115B2B1790}"
EndProject
Project("{9A19103F-16F7-4668-BE54-9A1E7A4F7556}") = "BasketAPI", "Services\Basket\BasketAPI\BasketAPI.csproj", "{1CBF1DD7-185F-4EAA-A792-4FCF6CD86852}"
EndProject
Project("{2150E333-8FDC-42A3-9474-1A3956D46DE8}") = "Cargo", "Cargo", "{34AADCC3-F4EE-49F6-A0C2-8BDCBF5FB581}"
EndProject
Project("{9A19103F-16F7-4668-BE54-9A1E7A4F7556}") = "CargoAPI", "Services\Cargo\CargoAPI\CargoAPI.csproj", "{183101FF-A842-4A64-9094-CE53D9B09E25}"
EndProject
Project("{9A19103F-16F7-4668-BE54-9A1E7A4F7556}") = "IdentityServer", "Identity\IdentityServer\IdentityServer.csproj", "{FC8864A2-39AB-40B4-A765-78E94B60FCB0}"
EndProject
Project("{9A19103F-16F7-4668-BE54-9A1E7A4F7556}") = "DtoLayer", "Frontends\DtoLayer\DtoLayer.csproj", "{E6616BA6-C567-4FEE-9CD1-5C108ECF4F39}"
EndProject
Project("{2150E333-8FDC-42A3-9474-1A3956D46DE8}") = "ApiGateway", "ApiGateway", "{68094472-6C2C-4C00-A273-4E4187C2927E}"
EndProject
Project("{9A19103F-16F7-4668-BE54-9A1E7A4F7556}") = "OcelotGateway", "ApiGateway\OcelotGateway\OcelotGateway.csproj", "{0BECF328-1D2C-4F82-9D52-E49E4EE0BAFF}"
EndProject
Project("{2150E333-8FDC-42A3-9474-1A3956D46DE8}") = "MonstaNotes", "MonstaNotes", "{61238A86-A4DD-4C17-AB94-1BDA68362770}"
	ProjectSection(SolutionItems) = preProject
		LoginIndex.txt = LoginIndex.txt
		SliderDefault.txt = SliderDefault.txt
	EndProjectSection
EndProject
Project("{9A19103F-16F7-4668-BE54-9A1E7A4F7556}") = "BusinessLayer", "Frontends\BusinessLayer\BusinessLayer.csproj", "{583854EF-6311-47CC-AAA2-727C1A0801B6}"
EndProject
Project("{2150E333-8FDC-42A3-9474-1A3956D46DE8}") = "Comment", "Comment", "{2ACBD110-E062-45D5-9F38-9718679604CC}"
EndProject
Project("{FAE04EC0-301F-11D3-BF4B-00C04F79EFBC}") = "CommentAPI", "Services\Comment\CommentAPI\CommentAPI.csproj", "{8238EFC1-A80B-448F-ABDF-F7D4C4339F9B}"
EndProject
Global
	GlobalSection(SolutionConfigurationPlatforms) = preSolution
		Debug|Any CPU = Debug|Any CPU
		Release|Any CPU = Release|Any CPU
	EndGlobalSection
	GlobalSection(ProjectConfigurationPlatforms) = postSolution
		{AB378E28-FBE1-487E-AD0D-62C0F62C244B}.Debug|Any CPU.ActiveCfg = Debug|Any CPU
		{AB378E28-FBE1-487E-AD0D-62C0F62C244B}.Debug|Any CPU.Build.0 = Debug|Any CPU
		{AB378E28-FBE1-487E-AD0D-62C0F62C244B}.Release|Any CPU.ActiveCfg = Release|Any CPU
		{AB378E28-FBE1-487E-AD0D-62C0F62C244B}.Release|Any CPU.Build.0 = Release|Any CPU
		{9D890886-43BA-4A43-B0EF-3089313368FE}.Debug|Any CPU.ActiveCfg = Debug|Any CPU
		{9D890886-43BA-4A43-B0EF-3089313368FE}.Debug|Any CPU.Build.0 = Debug|Any CPU
		{9D890886-43BA-4A43-B0EF-3089313368FE}.Release|Any CPU.ActiveCfg = Release|Any CPU
		{9D890886-43BA-4A43-B0EF-3089313368FE}.Release|Any CPU.Build.0 = Release|Any CPU
		{F4114D7A-209E-43C7-8B76-BF442B173662}.Debug|Any CPU.ActiveCfg = Debug|Any CPU
		{F4114D7A-209E-43C7-8B76-BF442B173662}.Debug|Any CPU.Build.0 = Debug|Any CPU
		{F4114D7A-209E-43C7-8B76-BF442B173662}.Release|Any CPU.ActiveCfg = Release|Any CPU
		{F4114D7A-209E-43C7-8B76-BF442B173662}.Release|Any CPU.Build.0 = Release|Any CPU
		{D139BE57-5CC3-47B9-B221-FC86A9A4FD61}.Debug|Any CPU.ActiveCfg = Debug|Any CPU
		{D139BE57-5CC3-47B9-B221-FC86A9A4FD61}.Debug|Any CPU.Build.0 = Debug|Any CPU
		{D139BE57-5CC3-47B9-B221-FC86A9A4FD61}.Release|Any CPU.ActiveCfg = Release|Any CPU
		{D139BE57-5CC3-47B9-B221-FC86A9A4FD61}.Release|Any CPU.Build.0 = Release|Any CPU
		{1CBF1DD7-185F-4EAA-A792-4FCF6CD86852}.Debug|Any CPU.ActiveCfg = Debug|Any CPU
		{1CBF1DD7-185F-4EAA-A792-4FCF6CD86852}.Debug|Any CPU.Build.0 = Debug|Any CPU
		{1CBF1DD7-185F-4EAA-A792-4FCF6CD86852}.Release|Any CPU.ActiveCfg = Release|Any CPU
		{1CBF1DD7-185F-4EAA-A792-4FCF6CD86852}.Release|Any CPU.Build.0 = Release|Any CPU
		{183101FF-A842-4A64-9094-CE53D9B09E25}.Debug|Any CPU.ActiveCfg = Debug|Any CPU
		{183101FF-A842-4A64-9094-CE53D9B09E25}.Debug|Any CPU.Build.0 = Debug|Any CPU
		{183101FF-A842-4A64-9094-CE53D9B09E25}.Release|Any CPU.ActiveCfg = Release|Any CPU
		{183101FF-A842-4A64-9094-CE53D9B09E25}.Release|Any CPU.Build.0 = Release|Any CPU
		{FC8864A2-39AB-40B4-A765-78E94B60FCB0}.Debug|Any CPU.ActiveCfg = Debug|Any CPU
		{FC8864A2-39AB-40B4-A765-78E94B60FCB0}.Debug|Any CPU.Build.0 = Debug|Any CPU
		{FC8864A2-39AB-40B4-A765-78E94B60FCB0}.Release|Any CPU.ActiveCfg = Release|Any CPU
		{FC8864A2-39AB-40B4-A765-78E94B60FCB0}.Release|Any CPU.Build.0 = Release|Any CPU
		{E6616BA6-C567-4FEE-9CD1-5C108ECF4F39}.Debug|Any CPU.ActiveCfg = Debug|Any CPU
		{E6616BA6-C567-4FEE-9CD1-5C108ECF4F39}.Debug|Any CPU.Build.0 = Debug|Any CPU
		{E6616BA6-C567-4FEE-9CD1-5C108ECF4F39}.Release|Any CPU.ActiveCfg = Release|Any CPU
		{E6616BA6-C567-4FEE-9CD1-5C108ECF4F39}.Release|Any CPU.Build.0 = Release|Any CPU
		{0BECF328-1D2C-4F82-9D52-E49E4EE0BAFF}.Debug|Any CPU.ActiveCfg = Debug|Any CPU
		{0BECF328-1D2C-4F82-9D52-E49E4EE0BAFF}.Debug|Any CPU.Build.0 = Debug|Any CPU
		{0BECF328-1D2C-4F82-9D52-E49E4EE0BAFF}.Release|Any CPU.ActiveCfg = Release|Any CPU
		{0BECF328-1D2C-4F82-9D52-E49E4EE0BAFF}.Release|Any CPU.Build.0 = Release|Any CPU
		{583854EF-6311-47CC-AAA2-727C1A0801B6}.Debug|Any CPU.ActiveCfg = Debug|Any CPU
		{583854EF-6311-47CC-AAA2-727C1A0801B6}.Debug|Any CPU.Build.0 = Debug|Any CPU
		{583854EF-6311-47CC-AAA2-727C1A0801B6}.Release|Any CPU.ActiveCfg = Release|Any CPU
		{583854EF-6311-47CC-AAA2-727C1A0801B6}.Release|Any CPU.Build.0 = Release|Any CPU
		{8238EFC1-A80B-448F-ABDF-F7D4C4339F9B}.Debug|Any CPU.ActiveCfg = Debug|Any CPU
		{8238EFC1-A80B-448F-ABDF-F7D4C4339F9B}.Debug|Any CPU.Build.0 = Debug|Any CPU
		{8238EFC1-A80B-448F-ABDF-F7D4C4339F9B}.Release|Any CPU.ActiveCfg = Release|Any CPU
		{8238EFC1-A80B-448F-ABDF-F7D4C4339F9B}.Release|Any CPU.Build.0 = Release|Any CPU
	EndGlobalSection
	GlobalSection(SolutionProperties) = preSolution
		HideSolutionNode = FALSE
	EndGlobalSection
	GlobalSection(NestedProjects) = preSolution
		{AB8432E9-9F12-44DC-8EE1-6122DB303CE9} = {C95AAF11-9B35-4247-8A4D-6D9528B0F42B}
		{AB378E28-FBE1-487E-AD0D-62C0F62C244B} = {AB8432E9-9F12-44DC-8EE1-6122DB303CE9}
		{9D890886-43BA-4A43-B0EF-3089313368FE} = {F4D8A7C1-2108-4C02-8344-0FEF5A764FA5}
		{C293CCE2-95BB-451C-A090-CC9971F6D8DF} = {C95AAF11-9B35-4247-8A4D-6D9528B0F42B}
		{F4114D7A-209E-43C7-8B76-BF442B173662} = {C293CCE2-95BB-451C-A090-CC9971F6D8DF}
		{0E9497D2-5F66-4DCF-A259-8AD2703F5880} = {C95AAF11-9B35-4247-8A4D-6D9528B0F42B}
		{D139BE57-5CC3-47B9-B221-FC86A9A4FD61} = {0E9497D2-5F66-4DCF-A259-8AD2703F5880}
		{4F8DBAE2-E8A1-421C-ADF7-9B115B2B1790} = {C95AAF11-9B35-4247-8A4D-6D9528B0F42B}
		{1CBF1DD7-185F-4EAA-A792-4FCF6CD86852} = {4F8DBAE2-E8A1-421C-ADF7-9B115B2B1790}
		{34AADCC3-F4EE-49F6-A0C2-8BDCBF5FB581} = {C95AAF11-9B35-4247-8A4D-6D9528B0F42B}
		{183101FF-A842-4A64-9094-CE53D9B09E25} = {34AADCC3-F4EE-49F6-A0C2-8BDCBF5FB581}
		{FC8864A2-39AB-40B4-A765-78E94B60FCB0} = {C1B1A6E5-61F6-4ACF-AD42-3344BADE2196}
		{E6616BA6-C567-4FEE-9CD1-5C108ECF4F39} = {F4D8A7C1-2108-4C02-8344-0FEF5A764FA5}
		{0BECF328-1D2C-4F82-9D52-E49E4EE0BAFF} = {68094472-6C2C-4C00-A273-4E4187C2927E}
		{583854EF-6311-47CC-AAA2-727C1A0801B6} = {F4D8A7C1-2108-4C02-8344-0FEF5A764FA5}
		{2ACBD110-E062-45D5-9F38-9718679604CC} = {C95AAF11-9B35-4247-8A4D-6D9528B0F42B}
		{8238EFC1-A80B-448F-ABDF-F7D4C4339F9B} = {2ACBD110-E062-45D5-9F38-9718679604CC}
	EndGlobalSection
	GlobalSection(ExtensibilityGlobals) = postSolution
		SolutionGuid = {65EEBDFA-A837-4585-BE4F-3E00141C3736}
	EndGlobalSection
EndGlobal
